
Microsoft Visual Studio Solution File, Format Version 12.00
Project("{FAE04EC0-301F-11D3-BF4B-00C04F79EFBC}") = "Laba3_2", "Laba3_2\Laba3_2.csproj", "{BDE694DF-A25B-442C-80C9-B77E128B203C}"
EndProject
Global
	GlobalSection(SolutionConfigurationPlatforms) = preSolution
		Debug|Any CPU = Debug|Any CPU
		Release|Any CPU = Release|Any CPU
	EndGlobalSection
	GlobalSection(ProjectConfigurationPlatforms) = postSolution
		{BDE694DF-A25B-442C-80C9-B77E128B203C}.Debug|Any CPU.ActiveCfg = Debug|Any CPU
		{BDE694DF-A25B-442C-80C9-B77E128B203C}.Debug|Any CPU.Build.0 = Debug|Any CPU
		{BDE694DF-A25B-442C-80C9-B77E128B203C}.Release|Any CPU.ActiveCfg = Release|Any CPU
		{BDE694DF-A25B-442C-80C9-B77E128B203C}.Release|Any CPU.Build.0 = Release|Any CPU
	EndGlobalSection
EndGlobal
